// !$*UTF8*$!
{
	archiveVersion = 1;
	classes = {
	};
	objectVersion = 46;
	objects = {

/* Begin PBXBuildFile section */
		09FE5BD31DA5696A00E8E5FD /* AppDelegate.swift in Sources */ = {isa = PBXBuildFile; fileRef = 09FE5BD21DA5696A00E8E5FD /* AppDelegate.swift */; };
		09FE5BD51DA5696A00E8E5FD /* ViewController.swift in Sources */ = {isa = PBXBuildFile; fileRef = 09FE5BD41DA5696A00E8E5FD /* ViewController.swift */; };
		09FE5BD81DA5696A00E8E5FD /* Main.storyboard in Resources */ = {isa = PBXBuildFile; fileRef = 09FE5BD61DA5696A00E8E5FD /* Main.storyboard */; };
		09FE5BDA1DA5696A00E8E5FD /* Assets.xcassets in Resources */ = {isa = PBXBuildFile; fileRef = 09FE5BD91DA5696A00E8E5FD /* Assets.xcassets */; };
		09FE5BDD1DA5696A00E8E5FD /* LaunchScreen.storyboard in Resources */ = {isa = PBXBuildFile; fileRef = 09FE5BDB1DA5696A00E8E5FD /* LaunchScreen.storyboard */; };
		09FE5BE81DA5696B00E8E5FD /* PhotosApiTests.swift in Sources */ = {isa = PBXBuildFile; fileRef = 09FE5BE71DA5696B00E8E5FD /* PhotosApiTests.swift */; };
		09FE5BF31DA5696B00E8E5FD /* PhotosUITests.swift in Sources */ = {isa = PBXBuildFile; fileRef = 09FE5BF21DA5696B00E8E5FD /* PhotosUITests.swift */; };
		09FE5C021DA56B3A00E8E5FD /* Photos.swift in Sources */ = {isa = PBXBuildFile; fileRef = 09FE5C011DA56B3A00E8E5FD /* Photos.swift */; };
		09FE5C051DA5700D00E8E5FD /* PhotoApi.swift in Sources */ = {isa = PBXBuildFile; fileRef = 09FE5C041DA5700D00E8E5FD /* PhotoApi.swift */; };
		09FE5C071DA5946B00E8E5FD /* PhotosViewModel.swift in Sources */ = {isa = PBXBuildFile; fileRef = 09FE5C061DA5946B00E8E5FD /* PhotosViewModel.swift */; };
		17C2070317513FF8DB2D0B6B /* Pods_PhotosTests.framework in Frameworks */ = {isa = PBXBuildFile; fileRef = F4FBD367AEE519AAFF81C332 /* Pods_PhotosTests.framework */; };
		7E931A48AAD7A4AFDE65815E /* Pods_Photos.framework in Frameworks */ = {isa = PBXBuildFile; fileRef = CC9A444AF857C1C6BD6C6F6B /* Pods_Photos.framework */; };
		8B8D575D1DA6082700904C96 /* PhotosTests.swift in Sources */ = {isa = PBXBuildFile; fileRef = 8B8D575C1DA6082700904C96 /* PhotosTests.swift */; };
		8B8D57611DA68B0200904C96 /* PhotosViewModelTests.swift in Sources */ = {isa = PBXBuildFile; fileRef = 8B8D57601DA68B0200904C96 /* PhotosViewModelTests.swift */; };
		8BACD18E1DA6EA6F00F4612B /* UIViewControllerError.swift in Sources */ = {isa = PBXBuildFile; fileRef = 8BACD18D1DA6EA6F00F4612B /* UIViewControllerError.swift */; };
		8BACD1921DA74E5100F4612B /* UIImageAverageColor.swift in Sources */ = {isa = PBXBuildFile; fileRef = 8BACD1911DA74E5100F4612B /* UIImageAverageColor.swift */; };
		8BACD1951DA750BC00F4612B /* PhotoCell.swift in Sources */ = {isa = PBXBuildFile; fileRef = 8BACD1941DA750BC00F4612B /* PhotoCell.swift */; };
		8BACD19A1DA7751800F4612B /* UIImageAverageColorTests.swift in Sources */ = {isa = PBXBuildFile; fileRef = 8BACD1991DA7751800F4612B /* UIImageAverageColorTests.swift */; };
		EFA8FE880290873475B955A4 /* Pods_PhotosUITests.framework in Frameworks */ = {isa = PBXBuildFile; fileRef = 8BAC876CC149194CFD5DA88C /* Pods_PhotosUITests.framework */; };
/* End PBXBuildFile section */

/* Begin PBXContainerItemProxy section */
		09FE5BE41DA5696B00E8E5FD /* PBXContainerItemProxy */ = {
			isa = PBXContainerItemProxy;
			containerPortal = 09FE5BC71DA5696A00E8E5FD /* Project object */;
			proxyType = 1;
			remoteGlobalIDString = 09FE5BCE1DA5696A00E8E5FD;
			remoteInfo = Photos;
		};
		09FE5BEF1DA5696B00E8E5FD /* PBXContainerItemProxy */ = {
			isa = PBXContainerItemProxy;
			containerPortal = 09FE5BC71DA5696A00E8E5FD /* Project object */;
			proxyType = 1;
			remoteGlobalIDString = 09FE5BCE1DA5696A00E8E5FD;
			remoteInfo = Photos;
		};
/* End PBXContainerItemProxy section */

/* Begin PBXFileReference section */
		09FE5BCF1DA5696A00E8E5FD /* Photos.app */ = {isa = PBXFileReference; explicitFileType = wrapper.application; includeInIndex = 0; path = Photos.app; sourceTree = BUILT_PRODUCTS_DIR; };
		09FE5BD21DA5696A00E8E5FD /* AppDelegate.swift */ = {isa = PBXFileReference; lastKnownFileType = sourcecode.swift; path = AppDelegate.swift; sourceTree = "<group>"; };
		09FE5BD41DA5696A00E8E5FD /* ViewController.swift */ = {isa = PBXFileReference; lastKnownFileType = sourcecode.swift; path = ViewController.swift; sourceTree = "<group>"; };
		09FE5BD71DA5696A00E8E5FD /* Base */ = {isa = PBXFileReference; lastKnownFileType = file.storyboard; name = Base; path = Base.lproj/Main.storyboard; sourceTree = "<group>"; };
		09FE5BD91DA5696A00E8E5FD /* Assets.xcassets */ = {isa = PBXFileReference; lastKnownFileType = folder.assetcatalog; path = Assets.xcassets; sourceTree = "<group>"; };
		09FE5BDC1DA5696A00E8E5FD /* Base */ = {isa = PBXFileReference; lastKnownFileType = file.storyboard; name = Base; path = Base.lproj/LaunchScreen.storyboard; sourceTree = "<group>"; };
		09FE5BDE1DA5696A00E8E5FD /* Info.plist */ = {isa = PBXFileReference; lastKnownFileType = text.plist.xml; path = Info.plist; sourceTree = "<group>"; };
		09FE5BE31DA5696B00E8E5FD /* PhotosTests.xctest */ = {isa = PBXFileReference; explicitFileType = wrapper.cfbundle; includeInIndex = 0; path = PhotosTests.xctest; sourceTree = BUILT_PRODUCTS_DIR; };
		09FE5BE71DA5696B00E8E5FD /* PhotosApiTests.swift */ = {isa = PBXFileReference; lastKnownFileType = sourcecode.swift; path = PhotosApiTests.swift; sourceTree = "<group>"; };
		09FE5BE91DA5696B00E8E5FD /* Info.plist */ = {isa = PBXFileReference; lastKnownFileType = text.plist.xml; path = Info.plist; sourceTree = "<group>"; };
		09FE5BEE1DA5696B00E8E5FD /* PhotosUITests.xctest */ = {isa = PBXFileReference; explicitFileType = wrapper.cfbundle; includeInIndex = 0; path = PhotosUITests.xctest; sourceTree = BUILT_PRODUCTS_DIR; };
		09FE5BF21DA5696B00E8E5FD /* PhotosUITests.swift */ = {isa = PBXFileReference; lastKnownFileType = sourcecode.swift; path = PhotosUITests.swift; sourceTree = "<group>"; };
		09FE5BF41DA5696B00E8E5FD /* Info.plist */ = {isa = PBXFileReference; lastKnownFileType = text.plist.xml; path = Info.plist; sourceTree = "<group>"; };
		09FE5C011DA56B3A00E8E5FD /* Photos.swift */ = {isa = PBXFileReference; fileEncoding = 4; lastKnownFileType = sourcecode.swift; path = Photos.swift; sourceTree = "<group>"; };
		09FE5C041DA5700D00E8E5FD /* PhotoApi.swift */ = {isa = PBXFileReference; fileEncoding = 4; lastKnownFileType = sourcecode.swift; name = PhotoApi.swift; path = Network/PhotoApi.swift; sourceTree = "<group>"; };
		09FE5C061DA5946B00E8E5FD /* PhotosViewModel.swift */ = {isa = PBXFileReference; fileEncoding = 4; lastKnownFileType = sourcecode.swift; path = PhotosViewModel.swift; sourceTree = "<group>"; };
		34CD420BE4D57987C2B736D1 /* Pods-PhotosTests.release.xcconfig */ = {isa = PBXFileReference; includeInIndex = 1; lastKnownFileType = text.xcconfig; name = "Pods-PhotosTests.release.xcconfig"; path = "Pods/Target Support Files/Pods-PhotosTests/Pods-PhotosTests.release.xcconfig"; sourceTree = "<group>"; };
		37B8C4F47E3DE29CAAC73A0C /* Pods-Photos.debug.xcconfig */ = {isa = PBXFileReference; includeInIndex = 1; lastKnownFileType = text.xcconfig; name = "Pods-Photos.debug.xcconfig"; path = "Pods/Target Support Files/Pods-Photos/Pods-Photos.debug.xcconfig"; sourceTree = "<group>"; };
		5C57609CC5F023E30A2D0130 /* Pods-PhotosTests.debug.xcconfig */ = {isa = PBXFileReference; includeInIndex = 1; lastKnownFileType = text.xcconfig; name = "Pods-PhotosTests.debug.xcconfig"; path = "Pods/Target Support Files/Pods-PhotosTests/Pods-PhotosTests.debug.xcconfig"; sourceTree = "<group>"; };
		6C529104722F102431663A55 /* Pods-Photos.release.xcconfig */ = {isa = PBXFileReference; includeInIndex = 1; lastKnownFileType = text.xcconfig; name = "Pods-Photos.release.xcconfig"; path = "Pods/Target Support Files/Pods-Photos/Pods-Photos.release.xcconfig"; sourceTree = "<group>"; };
		8B8D575C1DA6082700904C96 /* PhotosTests.swift */ = {isa = PBXFileReference; fileEncoding = 4; lastKnownFileType = sourcecode.swift; path = PhotosTests.swift; sourceTree = "<group>"; };
		8B8D57601DA68B0200904C96 /* PhotosViewModelTests.swift */ = {isa = PBXFileReference; fileEncoding = 4; lastKnownFileType = sourcecode.swift; path = PhotosViewModelTests.swift; sourceTree = "<group>"; };
		8BAC876CC149194CFD5DA88C /* Pods_PhotosUITests.framework */ = {isa = PBXFileReference; explicitFileType = wrapper.framework; includeInIndex = 0; path = Pods_PhotosUITests.framework; sourceTree = BUILT_PRODUCTS_DIR; };
		8BACD18D1DA6EA6F00F4612B /* UIViewControllerError.swift */ = {isa = PBXFileReference; fileEncoding = 4; lastKnownFileType = sourcecode.swift; name = UIViewControllerError.swift; path = Common/UIViewControllerError.swift; sourceTree = "<group>"; };
		8BACD1911DA74E5100F4612B /* UIImageAverageColor.swift */ = {isa = PBXFileReference; fileEncoding = 4; lastKnownFileType = sourcecode.swift; name = UIImageAverageColor.swift; path = Common/UIImageAverageColor.swift; sourceTree = "<group>"; };
		8BACD1941DA750BC00F4612B /* PhotoCell.swift */ = {isa = PBXFileReference; fileEncoding = 4; lastKnownFileType = sourcecode.swift; name = PhotoCell.swift; path = View/PhotoCell.swift; sourceTree = "<group>"; };
		8BACD1961DA7547400F4612B /* Photos-Bridging-Header.h */ = {isa = PBXFileReference; lastKnownFileType = sourcecode.c.h; path = "Photos-Bridging-Header.h"; sourceTree = "<group>"; };
		8BACD1991DA7751800F4612B /* UIImageAverageColorTests.swift */ = {isa = PBXFileReference; fileEncoding = 4; lastKnownFileType = sourcecode.swift; path = UIImageAverageColorTests.swift; sourceTree = "<group>"; };
		B6356E9B4F6A5EA965F1981F /* Pods-PhotosUITests.debug.xcconfig */ = {isa = PBXFileReference; includeInIndex = 1; lastKnownFileType = text.xcconfig; name = "Pods-PhotosUITests.debug.xcconfig"; path = "Pods/Target Support Files/Pods-PhotosUITests/Pods-PhotosUITests.debug.xcconfig"; sourceTree = "<group>"; };
		BD26211DC751ADACB379965F /* Pods-PhotosUITests.release.xcconfig */ = {isa = PBXFileReference; includeInIndex = 1; lastKnownFileType = text.xcconfig; name = "Pods-PhotosUITests.release.xcconfig"; path = "Pods/Target Support Files/Pods-PhotosUITests/Pods-PhotosUITests.release.xcconfig"; sourceTree = "<group>"; };
		CC9A444AF857C1C6BD6C6F6B /* Pods_Photos.framework */ = {isa = PBXFileReference; explicitFileType = wrapper.framework; includeInIndex = 0; path = Pods_Photos.framework; sourceTree = BUILT_PRODUCTS_DIR; };
		F4FBD367AEE519AAFF81C332 /* Pods_PhotosTests.framework */ = {isa = PBXFileReference; explicitFileType = wrapper.framework; includeInIndex = 0; path = Pods_PhotosTests.framework; sourceTree = BUILT_PRODUCTS_DIR; };
/* End PBXFileReference section */

/* Begin PBXFrameworksBuildPhase section */
		09FE5BCC1DA5696A00E8E5FD /* Frameworks */ = {
			isa = PBXFrameworksBuildPhase;
			buildActionMask = 2147483647;
			files = (
				7E931A48AAD7A4AFDE65815E /* Pods_Photos.framework in Frameworks */,
			);
			runOnlyForDeploymentPostprocessing = 0;
		};
		09FE5BE01DA5696B00E8E5FD /* Frameworks */ = {
			isa = PBXFrameworksBuildPhase;
			buildActionMask = 2147483647;
			files = (
				17C2070317513FF8DB2D0B6B /* Pods_PhotosTests.framework in Frameworks */,
			);
			runOnlyForDeploymentPostprocessing = 0;
		};
		09FE5BEB1DA5696B00E8E5FD /* Frameworks */ = {
			isa = PBXFrameworksBuildPhase;
			buildActionMask = 2147483647;
			files = (
				EFA8FE880290873475B955A4 /* Pods_PhotosUITests.framework in Frameworks */,
			);
			runOnlyForDeploymentPostprocessing = 0;
		};
/* End PBXFrameworksBuildPhase section */

/* Begin PBXGroup section */
		09FE5BC61DA5696900E8E5FD = {
			isa = PBXGroup;
			children = (
				09FE5BD11DA5696A00E8E5FD /* Photos */,
				09FE5BE61DA5696B00E8E5FD /* PhotosTests */,
				09FE5BF11DA5696B00E8E5FD /* PhotosUITests */,
				09FE5BD01DA5696A00E8E5FD /* Products */,
				11260B9ADF3DF0870E130E13 /* Pods */,
				2A96BD929AA078C99CEA2F56 /* Frameworks */,
				8BACD1961DA7547400F4612B /* Photos-Bridging-Header.h */,
			);
			sourceTree = "<group>";
		};
		09FE5BD01DA5696A00E8E5FD /* Products */ = {
			isa = PBXGroup;
			children = (
				09FE5BCF1DA5696A00E8E5FD /* Photos.app */,
				09FE5BE31DA5696B00E8E5FD /* PhotosTests.xctest */,
				09FE5BEE1DA5696B00E8E5FD /* PhotosUITests.xctest */,
			);
			name = Products;
			sourceTree = "<group>";
		};
		09FE5BD11DA5696A00E8E5FD /* Photos */ = {
			isa = PBXGroup;
			children = (
				8BACD1931DA7509900F4612B /* View */,
				8BACD18C1DA6EA5200F4612B /* Common */,
				09FE5C031DA56FEC00E8E5FD /* Network */,
				09FE5C001DA56B3A00E8E5FD /* Model */,
				09FE5BD21DA5696A00E8E5FD /* AppDelegate.swift */,
				09FE5BD41DA5696A00E8E5FD /* ViewController.swift */,
				09FE5BD61DA5696A00E8E5FD /* Main.storyboard */,
				09FE5BD91DA5696A00E8E5FD /* Assets.xcassets */,
				09FE5BDB1DA5696A00E8E5FD /* LaunchScreen.storyboard */,
				09FE5BDE1DA5696A00E8E5FD /* Info.plist */,
			);
			path = Photos;
			sourceTree = "<group>";
		};
		09FE5BE61DA5696B00E8E5FD /* PhotosTests */ = {
			isa = PBXGroup;
			children = (
				8B8D575C1DA6082700904C96 /* PhotosTests.swift */,
				09FE5BE71DA5696B00E8E5FD /* PhotosApiTests.swift */,
				8B8D57601DA68B0200904C96 /* PhotosViewModelTests.swift */,
				8BACD1991DA7751800F4612B /* UIImageAverageColorTests.swift */,
				09FE5BE91DA5696B00E8E5FD /* Info.plist */,
			);
			path = PhotosTests;
			sourceTree = "<group>";
		};
		09FE5BF11DA5696B00E8E5FD /* PhotosUITests */ = {
			isa = PBXGroup;
			children = (
				09FE5BF21DA5696B00E8E5FD /* PhotosUITests.swift */,
				09FE5BF41DA5696B00E8E5FD /* Info.plist */,
			);
			path = PhotosUITests;
			sourceTree = "<group>";
		};
		09FE5C001DA56B3A00E8E5FD /* Model */ = {
			isa = PBXGroup;
			children = (
				09FE5C011DA56B3A00E8E5FD /* Photos.swift */,
				09FE5C061DA5946B00E8E5FD /* PhotosViewModel.swift */,
			);
			path = Model;
			sourceTree = "<group>";
		};
		09FE5C031DA56FEC00E8E5FD /* Network */ = {
			isa = PBXGroup;
			children = (
				09FE5C041DA5700D00E8E5FD /* PhotoApi.swift */,
			);
			name = Network;
			sourceTree = "<group>";
		};
		11260B9ADF3DF0870E130E13 /* Pods */ = {
			isa = PBXGroup;
			children = (
				37B8C4F47E3DE29CAAC73A0C /* Pods-Photos.debug.xcconfig */,
				6C529104722F102431663A55 /* Pods-Photos.release.xcconfig */,
				5C57609CC5F023E30A2D0130 /* Pods-PhotosTests.debug.xcconfig */,
				34CD420BE4D57987C2B736D1 /* Pods-PhotosTests.release.xcconfig */,
				B6356E9B4F6A5EA965F1981F /* Pods-PhotosUITests.debug.xcconfig */,
				BD26211DC751ADACB379965F /* Pods-PhotosUITests.release.xcconfig */,
			);
			name = Pods;
			sourceTree = "<group>";
		};
		2A96BD929AA078C99CEA2F56 /* Frameworks */ = {
			isa = PBXGroup;
			children = (
				CC9A444AF857C1C6BD6C6F6B /* Pods_Photos.framework */,
				F4FBD367AEE519AAFF81C332 /* Pods_PhotosTests.framework */,
				8BAC876CC149194CFD5DA88C /* Pods_PhotosUITests.framework */,
			);
			name = Frameworks;
			sourceTree = "<group>";
		};
		8BACD18C1DA6EA5200F4612B /* Common */ = {
			isa = PBXGroup;
			children = (
				8BACD18D1DA6EA6F00F4612B /* UIViewControllerError.swift */,
				8BACD1911DA74E5100F4612B /* UIImageAverageColor.swift */,
			);
			name = Common;
			sourceTree = "<group>";
		};
		8BACD1931DA7509900F4612B /* View */ = {
			isa = PBXGroup;
			children = (
				8BACD1941DA750BC00F4612B /* PhotoCell.swift */,
			);
			name = View;
			sourceTree = "<group>";
		};
/* End PBXGroup section */

/* Begin PBXNativeTarget section */
		09FE5BCE1DA5696A00E8E5FD /* Photos */ = {
			isa = PBXNativeTarget;
			buildConfigurationList = 09FE5BF71DA5696B00E8E5FD /* Build configuration list for PBXNativeTarget "Photos" */;
			buildPhases = (
				35022D75889ED527DF1A1484 /* [CP] Check Pods Manifest.lock */,
				09FE5BCB1DA5696A00E8E5FD /* Sources */,
				09FE5BCC1DA5696A00E8E5FD /* Frameworks */,
				09FE5BCD1DA5696A00E8E5FD /* Resources */,
				FB2434B9040D508DD9A78D61 /* [CP] Embed Pods Frameworks */,
				AFD52EC23794173CE2F29EB2 /* [CP] Copy Pods Resources */,
			);
			buildRules = (
			);
			dependencies = (
			);
			name = Photos;
			productName = Photos;
			productReference = 09FE5BCF1DA5696A00E8E5FD /* Photos.app */;
			productType = "com.apple.product-type.application";
		};
		09FE5BE21DA5696B00E8E5FD /* PhotosTests */ = {
			isa = PBXNativeTarget;
			buildConfigurationList = 09FE5BFA1DA5696B00E8E5FD /* Build configuration list for PBXNativeTarget "PhotosTests" */;
			buildPhases = (
				44146CCDB0DEF8CA676B3E75 /* [CP] Check Pods Manifest.lock */,
				09FE5BDF1DA5696B00E8E5FD /* Sources */,
				09FE5BE01DA5696B00E8E5FD /* Frameworks */,
				09FE5BE11DA5696B00E8E5FD /* Resources */,
				58D25D469726DA57D9F7AE5B /* [CP] Embed Pods Frameworks */,
				C864EB6D61A86B2C307837B2 /* [CP] Copy Pods Resources */,
			);
			buildRules = (
			);
			dependencies = (
				09FE5BE51DA5696B00E8E5FD /* PBXTargetDependency */,
			);
			name = PhotosTests;
			productName = PhotosTests;
			productReference = 09FE5BE31DA5696B00E8E5FD /* PhotosTests.xctest */;
			productType = "com.apple.product-type.bundle.unit-test";
		};
		09FE5BED1DA5696B00E8E5FD /* PhotosUITests */ = {
			isa = PBXNativeTarget;
			buildConfigurationList = 09FE5BFD1DA5696B00E8E5FD /* Build configuration list for PBXNativeTarget "PhotosUITests" */;
			buildPhases = (
				037BF3B1108AD5E5487127AE /* [CP] Check Pods Manifest.lock */,
				09FE5BEA1DA5696B00E8E5FD /* Sources */,
				09FE5BEB1DA5696B00E8E5FD /* Frameworks */,
				09FE5BEC1DA5696B00E8E5FD /* Resources */,
				DE87A8455383AA61DE4C5E50 /* [CP] Embed Pods Frameworks */,
				DDCF3FA66C24BE13FED48473 /* [CP] Copy Pods Resources */,
			);
			buildRules = (
			);
			dependencies = (
				09FE5BF01DA5696B00E8E5FD /* PBXTargetDependency */,
			);
			name = PhotosUITests;
			productName = PhotosUITests;
			productReference = 09FE5BEE1DA5696B00E8E5FD /* PhotosUITests.xctest */;
			productType = "com.apple.product-type.bundle.ui-testing";
		};
/* End PBXNativeTarget section */

/* Begin PBXProject section */
		09FE5BC71DA5696A00E8E5FD /* Project object */ = {
			isa = PBXProject;
			attributes = {
				LastSwiftUpdateCheck = 0730;
				LastUpgradeCheck = 0730;
				ORGANIZATIONNAME = "Ezequiel França";
				TargetAttributes = {
					09FE5BCE1DA5696A00E8E5FD = {
						CreatedOnToolsVersion = 7.3.1;
					};
					09FE5BE21DA5696B00E8E5FD = {
						CreatedOnToolsVersion = 7.3.1;
						TestTargetID = 09FE5BCE1DA5696A00E8E5FD;
					};
					09FE5BED1DA5696B00E8E5FD = {
						CreatedOnToolsVersion = 7.3.1;
						TestTargetID = 09FE5BCE1DA5696A00E8E5FD;
					};
				};
			};
			buildConfigurationList = 09FE5BCA1DA5696A00E8E5FD /* Build configuration list for PBXProject "Photos" */;
			compatibilityVersion = "Xcode 3.2";
			developmentRegion = English;
			hasScannedForEncodings = 0;
			knownRegions = (
				en,
				Base,
			);
			mainGroup = 09FE5BC61DA5696900E8E5FD;
			productRefGroup = 09FE5BD01DA5696A00E8E5FD /* Products */;
			projectDirPath = "";
			projectRoot = "";
			targets = (
				09FE5BCE1DA5696A00E8E5FD /* Photos */,
				09FE5BE21DA5696B00E8E5FD /* PhotosTests */,
				09FE5BED1DA5696B00E8E5FD /* PhotosUITests */,
			);
		};
/* End PBXProject section */

/* Begin PBXResourcesBuildPhase section */
		09FE5BCD1DA5696A00E8E5FD /* Resources */ = {
			isa = PBXResourcesBuildPhase;
			buildActionMask = 2147483647;
			files = (
				09FE5BDD1DA5696A00E8E5FD /* LaunchScreen.storyboard in Resources */,
				09FE5BDA1DA5696A00E8E5FD /* Assets.xcassets in Resources */,
				09FE5BD81DA5696A00E8E5FD /* Main.storyboard in Resources */,
			);
			runOnlyForDeploymentPostprocessing = 0;
		};
		09FE5BE11DA5696B00E8E5FD /* Resources */ = {
			isa = PBXResourcesBuildPhase;
			buildActionMask = 2147483647;
			files = (
			);
			runOnlyForDeploymentPostprocessing = 0;
		};
		09FE5BEC1DA5696B00E8E5FD /* Resources */ = {
			isa = PBXResourcesBuildPhase;
			buildActionMask = 2147483647;
			files = (
			);
			runOnlyForDeploymentPostprocessing = 0;
		};
/* End PBXResourcesBuildPhase section */

/* Begin PBXShellScriptBuildPhase section */
		037BF3B1108AD5E5487127AE /* [CP] Check Pods Manifest.lock */ = {
			isa = PBXShellScriptBuildPhase;
			buildActionMask = 2147483647;
			files = (
			);
			inputPaths = (
			);
			name = "[CP] Check Pods Manifest.lock";
			outputPaths = (
			);
			runOnlyForDeploymentPostprocessing = 0;
			shellPath = /bin/sh;
			shellScript = "diff \"${PODS_ROOT}/../Podfile.lock\" \"${PODS_ROOT}/Manifest.lock\" > /dev/null\nif [[ $? != 0 ]] ; then\n    cat << EOM\nerror: The sandbox is not in sync with the Podfile.lock. Run 'pod install' or update your CocoaPods installation.\nEOM\n    exit 1\nfi\n";
			showEnvVarsInLog = 0;
		};
		35022D75889ED527DF1A1484 /* [CP] Check Pods Manifest.lock */ = {
			isa = PBXShellScriptBuildPhase;
			buildActionMask = 2147483647;
			files = (
			);
			inputPaths = (
			);
			name = "[CP] Check Pods Manifest.lock";
			outputPaths = (
			);
			runOnlyForDeploymentPostprocessing = 0;
			shellPath = /bin/sh;
			shellScript = "diff \"${PODS_ROOT}/../Podfile.lock\" \"${PODS_ROOT}/Manifest.lock\" > /dev/null\nif [[ $? != 0 ]] ; then\n    cat << EOM\nerror: The sandbox is not in sync with the Podfile.lock. Run 'pod install' or update your CocoaPods installation.\nEOM\n    exit 1\nfi\n";
			showEnvVarsInLog = 0;
		};
		44146CCDB0DEF8CA676B3E75 /* [CP] Check Pods Manifest.lock */ = {
			isa = PBXShellScriptBuildPhase;
			buildActionMask = 2147483647;
			files = (
			);
			inputPaths = (
			);
			name = "[CP] Check Pods Manifest.lock";
			outputPaths = (
			);
			runOnlyForDeploymentPostprocessing = 0;
			shellPath = /bin/sh;
			shellScript = "diff \"${PODS_ROOT}/../Podfile.lock\" \"${PODS_ROOT}/Manifest.lock\" > /dev/null\nif [[ $? != 0 ]] ; then\n    cat << EOM\nerror: The sandbox is not in sync with the Podfile.lock. Run 'pod install' or update your CocoaPods installation.\nEOM\n    exit 1\nfi\n";
			showEnvVarsInLog = 0;
		};
		58D25D469726DA57D9F7AE5B /* [CP] Embed Pods Frameworks */ = {
			isa = PBXShellScriptBuildPhase;
			buildActionMask = 2147483647;
			files = (
			);
			inputPaths = (
			);
			name = "[CP] Embed Pods Frameworks";
			outputPaths = (
			);
			runOnlyForDeploymentPostprocessing = 0;
			shellPath = /bin/sh;
			shellScript = "\"${SRCROOT}/Pods/Target Support Files/Pods-PhotosTests/Pods-PhotosTests-frameworks.sh\"\n";
			showEnvVarsInLog = 0;
		};
		AFD52EC23794173CE2F29EB2 /* [CP] Copy Pods Resources */ = {
			isa = PBXShellScriptBuildPhase;
			buildActionMask = 2147483647;
			files = (
			);
			inputPaths = (
			);
			name = "[CP] Copy Pods Resources";
			outputPaths = (
			);
			runOnlyForDeploymentPostprocessing = 0;
			shellPath = /bin/sh;
			shellScript = "\"${SRCROOT}/Pods/Target Support Files/Pods-Photos/Pods-Photos-resources.sh\"\n";
			showEnvVarsInLog = 0;
		};
		C864EB6D61A86B2C307837B2 /* [CP] Copy Pods Resources */ = {
			isa = PBXShellScriptBuildPhase;
			buildActionMask = 2147483647;
			files = (
			);
			inputPaths = (
			);
			name = "[CP] Copy Pods Resources";
			outputPaths = (
			);
			runOnlyForDeploymentPostprocessing = 0;
			shellPath = /bin/sh;
			shellScript = "\"${SRCROOT}/Pods/Target Support Files/Pods-PhotosTests/Pods-PhotosTests-resources.sh\"\n";
			showEnvVarsInLog = 0;
		};
		DDCF3FA66C24BE13FED48473 /* [CP] Copy Pods Resources */ = {
			isa = PBXShellScriptBuildPhase;
			buildActionMask = 2147483647;
			files = (
			);
			inputPaths = (
			);
			name = "[CP] Copy Pods Resources";
			outputPaths = (
			);
			runOnlyForDeploymentPostprocessing = 0;
			shellPath = /bin/sh;
			shellScript = "\"${SRCROOT}/Pods/Target Support Files/Pods-PhotosUITests/Pods-PhotosUITests-resources.sh\"\n";
			showEnvVarsInLog = 0;
		};
		DE87A8455383AA61DE4C5E50 /* [CP] Embed Pods Frameworks */ = {
			isa = PBXShellScriptBuildPhase;
			buildActionMask = 2147483647;
			files = (
			);
			inputPaths = (
			);
			name = "[CP] Embed Pods Frameworks";
			outputPaths = (
			);
			runOnlyForDeploymentPostprocessing = 0;
			shellPath = /bin/sh;
			shellScript = "\"${SRCROOT}/Pods/Target Support Files/Pods-PhotosUITests/Pods-PhotosUITests-frameworks.sh\"\n";
			showEnvVarsInLog = 0;
		};
		FB2434B9040D508DD9A78D61 /* [CP] Embed Pods Frameworks */ = {
			isa = PBXShellScriptBuildPhase;
			buildActionMask = 2147483647;
			files = (
			);
			inputPaths = (
			);
			name = "[CP] Embed Pods Frameworks";
			outputPaths = (
			);
			runOnlyForDeploymentPostprocessing = 0;
			shellPath = /bin/sh;
			shellScript = "\"${SRCROOT}/Pods/Target Support Files/Pods-Photos/Pods-Photos-frameworks.sh\"\n";
			showEnvVarsInLog = 0;
		};
/* End PBXShellScriptBuildPhase section */

/* Begin PBXSourcesBuildPhase section */
		09FE5BCB1DA5696A00E8E5FD /* Sources */ = {
			isa = PBXSourcesBuildPhase;
			buildActionMask = 2147483647;
			files = (
				09FE5C021DA56B3A00E8E5FD /* Photos.swift in Sources */,
				8BACD18E1DA6EA6F00F4612B /* UIViewControllerError.swift in Sources */,
				09FE5C051DA5700D00E8E5FD /* PhotoApi.swift in Sources */,
				09FE5C071DA5946B00E8E5FD /* PhotosViewModel.swift in Sources */,
				8BACD1921DA74E5100F4612B /* UIImageAverageColor.swift in Sources */,
				8BACD1951DA750BC00F4612B /* PhotoCell.swift in Sources */,
				09FE5BD51DA5696A00E8E5FD /* ViewController.swift in Sources */,
				09FE5BD31DA5696A00E8E5FD /* AppDelegate.swift in Sources */,
			);
			runOnlyForDeploymentPostprocessing = 0;
		};
		09FE5BDF1DA5696B00E8E5FD /* Sources */ = {
			isa = PBXSourcesBuildPhase;
			buildActionMask = 2147483647;
			files = (
				09FE5BE81DA5696B00E8E5FD /* PhotosApiTests.swift in Sources */,
				8B8D575D1DA6082700904C96 /* PhotosTests.swift in Sources */,
				8B8D57611DA68B0200904C96 /* PhotosViewModelTests.swift in Sources */,
				8BACD19A1DA7751800F4612B /* UIImageAverageColorTests.swift in Sources */,
			);
			runOnlyForDeploymentPostprocessing = 0;
		};
		09FE5BEA1DA5696B00E8E5FD /* Sources */ = {
			isa = PBXSourcesBuildPhase;
			buildActionMask = 2147483647;
			files = (
				09FE5BF31DA5696B00E8E5FD /* PhotosUITests.swift in Sources */,
			);
			runOnlyForDeploymentPostprocessing = 0;
		};
/* End PBXSourcesBuildPhase section */

/* Begin PBXTargetDependency section */
		09FE5BE51DA5696B00E8E5FD /* PBXTargetDependency */ = {
			isa = PBXTargetDependency;
			target = 09FE5BCE1DA5696A00E8E5FD /* Photos */;
			targetProxy = 09FE5BE41DA5696B00E8E5FD /* PBXContainerItemProxy */;
		};
		09FE5BF01DA5696B00E8E5FD /* PBXTargetDependency */ = {
			isa = PBXTargetDependency;
			target = 09FE5BCE1DA5696A00E8E5FD /* Photos */;
			targetProxy = 09FE5BEF1DA5696B00E8E5FD /* PBXContainerItemProxy */;
		};
/* End PBXTargetDependency section */

/* Begin PBXVariantGroup section */
		09FE5BD61DA5696A00E8E5FD /* Main.storyboard */ = {
			isa = PBXVariantGroup;
			children = (
				09FE5BD71DA5696A00E8E5FD /* Base */,
			);
			name = Main.storyboard;
			sourceTree = "<group>";
		};
		09FE5BDB1DA5696A00E8E5FD /* LaunchScreen.storyboard */ = {
			isa = PBXVariantGroup;
			children = (
				09FE5BDC1DA5696A00E8E5FD /* Base */,
			);
			name = LaunchScreen.storyboard;
			sourceTree = "<group>";
		};
/* End PBXVariantGroup section */

/* Begin XCBuildConfiguration section */
		09FE5BF51DA5696B00E8E5FD /* Debug */ = {
			isa = XCBuildConfiguration;
			buildSettings = {
				ALWAYS_SEARCH_USER_PATHS = NO;
				CLANG_ANALYZER_NONNULL = YES;
				CLANG_CXX_LANGUAGE_STANDARD = "gnu++0x";
				CLANG_CXX_LIBRARY = "libc++";
				CLANG_ENABLE_MODULES = YES;
				CLANG_ENABLE_OBJC_ARC = YES;
				CLANG_WARN_BOOL_CONVERSION = YES;
				CLANG_WARN_CONSTANT_CONVERSION = YES;
				CLANG_WARN_DIRECT_OBJC_ISA_USAGE = YES_ERROR;
				CLANG_WARN_EMPTY_BODY = YES;
				CLANG_WARN_ENUM_CONVERSION = YES;
				CLANG_WARN_INT_CONVERSION = YES;
				CLANG_WARN_OBJC_ROOT_CLASS = YES_ERROR;
				CLANG_WARN_UNREACHABLE_CODE = YES;
				CLANG_WARN__DUPLICATE_METHOD_MATCH = YES;
				"CODE_SIGN_IDENTITY[sdk=iphoneos*]" = "iPhone Developer";
				COPY_PHASE_STRIP = NO;
				DEBUG_INFORMATION_FORMAT = dwarf;
				ENABLE_STRICT_OBJC_MSGSEND = YES;
				ENABLE_TESTABILITY = YES;
				GCC_C_LANGUAGE_STANDARD = gnu99;
				GCC_DYNAMIC_NO_PIC = NO;
				GCC_NO_COMMON_BLOCKS = YES;
				GCC_OPTIMIZATION_LEVEL = 0;
				GCC_PREPROCESSOR_DEFINITIONS = (
					"DEBUG=1",
					"$(inherited)",
				);
				GCC_WARN_64_TO_32_BIT_CONVERSION = YES;
				GCC_WARN_ABOUT_RETURN_TYPE = YES_ERROR;
				GCC_WARN_UNDECLARED_SELECTOR = YES;
				GCC_WARN_UNINITIALIZED_AUTOS = YES_AGGRESSIVE;
				GCC_WARN_UNUSED_FUNCTION = YES;
				GCC_WARN_UNUSED_VARIABLE = YES;
				IPHONEOS_DEPLOYMENT_TARGET = 9.3;
				MTL_ENABLE_DEBUG_INFO = YES;
				ONLY_ACTIVE_ARCH = YES;
				SDKROOT = iphoneos;
				SWIFT_OPTIMIZATION_LEVEL = "-Onone";
				TARGETED_DEVICE_FAMILY = "1,2";
			};
			name = Debug;
		};
		09FE5BF61DA5696B00E8E5FD /* Release */ = {
			isa = XCBuildConfiguration;
			buildSettings = {
				ALWAYS_SEARCH_USER_PATHS = NO;
				CLANG_ANALYZER_NONNULL = YES;
				CLANG_CXX_LANGUAGE_STANDARD = "gnu++0x";
				CLANG_CXX_LIBRARY = "libc++";
				CLANG_ENABLE_MODULES = YES;
				CLANG_ENABLE_OBJC_ARC = YES;
				CLANG_WARN_BOOL_CONVERSION = YES;
				CLANG_WARN_CONSTANT_CONVERSION = YES;
				CLANG_WARN_DIRECT_OBJC_ISA_USAGE = YES_ERROR;
				CLANG_WARN_EMPTY_BODY = YES;
				CLANG_WARN_ENUM_CONVERSION = YES;
				CLANG_WARN_INT_CONVERSION = YES;
				CLANG_WARN_OBJC_ROOT_CLASS = YES_ERROR;
				CLANG_WARN_UNREACHABLE_CODE = YES;
				CLANG_WARN__DUPLICATE_METHOD_MATCH = YES;
				"CODE_SIGN_IDENTITY[sdk=iphoneos*]" = "iPhone Developer";
				COPY_PHASE_STRIP = NO;
				DEBUG_INFORMATION_FORMAT = "dwarf-with-dsym";
				ENABLE_NS_ASSERTIONS = NO;
				ENABLE_STRICT_OBJC_MSGSEND = YES;
				GCC_C_LANGUAGE_STANDARD = gnu99;
				GCC_NO_COMMON_BLOCKS = YES;
				GCC_WARN_64_TO_32_BIT_CONVERSION = YES;
				GCC_WARN_ABOUT_RETURN_TYPE = YES_ERROR;
				GCC_WARN_UNDECLARED_SELECTOR = YES;
				GCC_WARN_UNINITIALIZED_AUTOS = YES_AGGRESSIVE;
				GCC_WARN_UNUSED_FUNCTION = YES;
				GCC_WARN_UNUSED_VARIABLE = YES;
				IPHONEOS_DEPLOYMENT_TARGET = 9.3;
				MTL_ENABLE_DEBUG_INFO = NO;
				SDKROOT = iphoneos;
				TARGETED_DEVICE_FAMILY = "1,2";
				VALIDATE_PRODUCT = YES;
			};
			name = Release;
		};
		09FE5BF81DA5696B00E8E5FD /* Debug */ = {
			isa = XCBuildConfiguration;
			baseConfigurationReference = 37B8C4F47E3DE29CAAC73A0C /* Pods-Photos.debug.xcconfig */;
			buildSettings = {
				ASSETCATALOG_COMPILER_APPICON_NAME = AppIcon;
				CLANG_ENABLE_MODULES = YES;
				INFOPLIST_FILE = Photos/Info.plist;
				LD_RUNPATH_SEARCH_PATHS = "$(inherited) @executable_path/Frameworks";
				PRODUCT_BUNDLE_IDENTIFIER = com.ezefranca.Photos;
				PRODUCT_NAME = "$(TARGET_NAME)";
				SWIFT_OBJC_BRIDGING_HEADER = "Photos-Bridging-Header.h";
				SWIFT_OPTIMIZATION_LEVEL = "-Onone";
			};
			name = Debug;
		};
		09FE5BF91DA5696B00E8E5FD /* Release */ = {
			isa = XCBuildConfiguration;
			baseConfigurationReference = 6C529104722F102431663A55 /* Pods-Photos.release.xcconfig */;
			buildSettings = {
				ASSETCATALOG_COMPILER_APPICON_NAME = AppIcon;
				CLANG_ENABLE_MODULES = YES;
				INFOPLIST_FILE = Photos/Info.plist;
				LD_RUNPATH_SEARCH_PATHS = "$(inherited) @executable_path/Frameworks";
				PRODUCT_BUNDLE_IDENTIFIER = com.ezefranca.Photos;
				PRODUCT_NAME = "$(TARGET_NAME)";
				SWIFT_OBJC_BRIDGING_HEADER = "Photos-Bridging-Header.h";
			};
			name = Release;
		};
		09FE5BFB1DA5696B00E8E5FD /* Debug */ = {
			isa = XCBuildConfiguration;
			baseConfigurationReference = 5C57609CC5F023E30A2D0130 /* Pods-PhotosTests.debug.xcconfig */;
			buildSettings = {
				BUNDLE_LOADER = "$(TEST_HOST)";
				INFOPLIST_FILE = PhotosTests/Info.plist;
				LD_RUNPATH_SEARCH_PATHS = "$(inherited) @executable_path/Frameworks @loader_path/Frameworks";
				PRODUCT_BUNDLE_IDENTIFIER = com.ezefranca.PhotosTests;
				PRODUCT_NAME = "$(TARGET_NAME)";
				TEST_HOST = "$(BUILT_PRODUCTS_DIR)/Photos.app/Photos";
			};
			name = Debug;
		};
		09FE5BFC1DA5696B00E8E5FD /* Release */ = {
			isa = XCBuildConfiguration;
			baseConfigurationReference = 34CD420BE4D57987C2B736D1 /* Pods-PhotosTests.release.xcconfig */;
			buildSettings = {
				BUNDLE_LOADER = "$(TEST_HOST)";
				INFOPLIST_FILE = PhotosTests/Info.plist;
				LD_RUNPATH_SEARCH_PATHS = "$(inherited) @executable_path/Frameworks @loader_path/Frameworks";
				PRODUCT_BUNDLE_IDENTIFIER = com.ezefranca.PhotosTests;
				PRODUCT_NAME = "$(TARGET_NAME)";
				TEST_HOST = "$(BUILT_PRODUCTS_DIR)/Photos.app/Photos";
			};
			name = Release;
		};
		09FE5BFE1DA5696B00E8E5FD /* Debug */ = {
			isa = XCBuildConfiguration;
			baseConfigurationReference = B6356E9B4F6A5EA965F1981F /* Pods-PhotosUITests.debug.xcconfig */;
			buildSettings = {
				INFOPLIST_FILE = PhotosUITests/Info.plist;
				LD_RUNPATH_SEARCH_PATHS = "$(inherited) @executable_path/Frameworks @loader_path/Frameworks";
				PRODUCT_BUNDLE_IDENTIFIER = com.ezefranca.PhotosUITests;
				PRODUCT_NAME = "$(TARGET_NAME)";
				TEST_TARGET_NAME = Photos;
			};
			name = Debug;
		};
		09FE5BFF1DA5696B00E8E5FD /* Release */ = {
			isa = XCBuildConfiguration;
			baseConfigurationReference = BD26211DC751ADACB379965F /* Pods-PhotosUITests.release.xcconfig */;
			buildSettings = {
				INFOPLIST_FILE = PhotosUITests/Info.plist;
				LD_RUNPATH_SEARCH_PATHS = "$(inherited) @executable_path/Frameworks @loader_path/Frameworks";
				PRODUCT_BUNDLE_IDENTIFIER = com.ezefranca.PhotosUITests;
				PRODUCT_NAME = "$(TARGET_NAME)";
				TEST_TARGET_NAME = Photos;
			};
			name = Release;
		};
/* End XCBuildConfiguration section */

/* Begin XCConfigurationList section */
		09FE5BCA1DA5696A00E8E5FD /* Build configuration list for PBXProject "Photos" */ = {
			isa = XCConfigurationList;
			buildConfigurations = (
				09FE5BF51DA5696B00E8E5FD /* Debug */,
				09FE5BF61DA5696B00E8E5FD /* Release */,
			);
			defaultConfigurationIsVisible = 0;
			defaultConfigurationName = Release;
		};
		09FE5BF71DA5696B00E8E5FD /* Build configuration list for PBXNativeTarget "Photos" */ = {
			isa = XCConfigurationList;
			buildConfigurations = (
				09FE5BF81DA5696B00E8E5FD /* Debug */,
				09FE5BF91DA5696B00E8E5FD /* Release */,
			);
			defaultConfigurationIsVisible = 0;
			defaultConfigurationName = Release;
		};
		09FE5BFA1DA5696B00E8E5FD /* Build configuration list for PBXNativeTarget "PhotosTests" */ = {
			isa = XCConfigurationList;
			buildConfigurations = (
				09FE5BFB1DA5696B00E8E5FD /* Debug */,
				09FE5BFC1DA5696B00E8E5FD /* Release */,
			);
			defaultConfigurationIsVisible = 0;
			defaultConfigurationName = Release;
		};
		09FE5BFD1DA5696B00E8E5FD /* Build configuration list for PBXNativeTarget "PhotosUITests" */ = {
			isa = XCConfigurationList;
			buildConfigurations = (
				09FE5BFE1DA5696B00E8E5FD /* Debug */,
				09FE5BFF1DA5696B00E8E5FD /* Release */,
			);
			defaultConfigurationIsVisible = 0;
			defaultConfigurationName = Release;
		};
/* End XCConfigurationList section */
	};
	rootObject = 09FE5BC71DA5696A00E8E5FD /* Project object */;
}
